// !$*UTF8*$!
{
	archiveVersion = 1;
	classes = {
	};
	objectVersion = 46;
	objects = {

/* Begin PBXBuildFile section */
		B8D29BFD17BD24A60084C1E6 /* Foundation.framework in Frameworks */ = {isa = PBXBuildFile; fileRef = B8D29BFC17BD24A60084C1E6 /* Foundation.framework */; };
		B8D29BFF17BD24A60084C1E6 /* CoreGraphics.framework in Frameworks */ = {isa = PBXBuildFile; fileRef = B8D29BFE17BD24A60084C1E6 /* CoreGraphics.framework */; };
		B8D29C0117BD24A60084C1E6 /* UIKit.framework in Frameworks */ = {isa = PBXBuildFile; fileRef = B8D29C0017BD24A60084C1E6 /* UIKit.framework */; };
		B8D29C0717BD24A60084C1E6 /* InfoPlist.strings in Resources */ = {isa = PBXBuildFile; fileRef = B8D29C0517BD24A60084C1E6 /* InfoPlist.strings */; };
		B8D29C0917BD24A60084C1E6 /* main.m in Sources */ = {isa = PBXBuildFile; fileRef = B8D29C0817BD24A60084C1E6 /* main.m */; };
		B8D29C0D17BD24A70084C1E6 /* BOAppDelegate.m in Sources */ = {isa = PBXBuildFile; fileRef = B8D29C0C17BD24A70084C1E6 /* BOAppDelegate.m */; };
		B8D29C1017BD24A70084C1E6 /* Main.storyboard in Resources */ = {isa = PBXBuildFile; fileRef = B8D29C0E17BD24A70084C1E6 /* Main.storyboard */; };
		B8D29C1517BD24A70084C1E6 /* Images.xcassets in Resources */ = {isa = PBXBuildFile; fileRef = B8D29C1417BD24A70084C1E6 /* Images.xcassets */; };
		B8D29C1C17BD24A70084C1E6 /* XCTest.framework in Frameworks */ = {isa = PBXBuildFile; fileRef = B8D29C1B17BD24A70084C1E6 /* XCTest.framework */; };
		B8D29C1D17BD24A70084C1E6 /* Foundation.framework in Frameworks */ = {isa = PBXBuildFile; fileRef = B8D29BFC17BD24A60084C1E6 /* Foundation.framework */; };
		B8D29C1E17BD24A70084C1E6 /* UIKit.framework in Frameworks */ = {isa = PBXBuildFile; fileRef = B8D29C0017BD24A60084C1E6 /* UIKit.framework */; };
		B8D29C2617BD24A70084C1E6 /* InfoPlist.strings in Resources */ = {isa = PBXBuildFile; fileRef = B8D29C2417BD24A70084C1E6 /* InfoPlist.strings */; };
		B8D29C2817BD24A70084C1E6 /* BailOutTests.m in Sources */ = {isa = PBXBuildFile; fileRef = B8D29C2717BD24A70084C1E6 /* BailOutTests.m */; };
		B8D29C4017BD2A300084C1E6 /* libGoogleAnalytics.a in Frameworks */ = {isa = PBXBuildFile; fileRef = B8D29C3F17BD2A300084C1E6 /* libGoogleAnalytics.a */; };
		B8D29C4517BD2AAB0084C1E6 /* BOTrackingService.m in Sources */ = {isa = PBXBuildFile; fileRef = B8D29C4417BD2AAB0084C1E6 /* BOTrackingService.m */; };
		B8D29C5017BD2D250084C1E6 /* BOViewController.m in Sources */ = {isa = PBXBuildFile; fileRef = B8D29C4F17BD2D250084C1E6 /* BOViewController.m */; };
		B8D29C5317BD2D690084C1E6 /* BONavigationController.m in Sources */ = {isa = PBXBuildFile; fileRef = B8D29C5217BD2D690084C1E6 /* BONavigationController.m */; };
		B8D29C5717BD2DAE0084C1E6 /* BORootNavigationController.m in Sources */ = {isa = PBXBuildFile; fileRef = B8D29C5617BD2DAE0084C1E6 /* BORootNavigationController.m */; };
		B8D29C5917BD2FA60084C1E6 /* CoreData.framework in Frameworks */ = {isa = PBXBuildFile; fileRef = B8D29C5817BD2FA60084C1E6 /* CoreData.framework */; };
		B8D29C5B17BD2FB00084C1E6 /* SystemConfiguration.framework in Frameworks */ = {isa = PBXBuildFile; fileRef = B8D29C5A17BD2FB00084C1E6 /* SystemConfiguration.framework */; };
		B8D29C5F17BD30D10084C1E6 /* BOKeychainService.m in Sources */ = {isa = PBXBuildFile; fileRef = B8D29C5E17BD30D10084C1E6 /* BOKeychainService.m */; };
		B8D29C6217BD34660084C1E6 /* NSKeychainItemWrapper.m in Sources */ = {isa = PBXBuildFile; fileRef = B8D29C6117BD34660084C1E6 /* NSKeychainItemWrapper.m */; };
		B8D29C6417BD34FE0084C1E6 /* Security.framework in Frameworks */ = {isa = PBXBuildFile; fileRef = B8D29C6317BD34FE0084C1E6 /* Security.framework */; };
		B8D29C6917BD447F0084C1E6 /* ABHTTPClient.m in Sources */ = {isa = PBXBuildFile; fileRef = B8D29C6817BD447F0084C1E6 /* ABHTTPClient.m */; };
		B8D29C6D17BD50450084C1E6 /* NSString+BO.m in Sources */ = {isa = PBXBuildFile; fileRef = B8D29C6C17BD50450084C1E6 /* NSString+BO.m */; };
		B8D29C7117BD57AB0084C1E6 /* BOAPI.m in Sources */ = {isa = PBXBuildFile; fileRef = B8D29C7017BD57AB0084C1E6 /* BOAPI.m */; };
		B8D29C7717BD5C470084C1E6 /* BOAPIRootService.m in Sources */ = {isa = PBXBuildFile; fileRef = B8D29C7617BD5C470084C1E6 /* BOAPIRootService.m */; };
/* End PBXBuildFile section */

/* Begin PBXContainerItemProxy section */
		B8D29C1F17BD24A70084C1E6 /* PBXContainerItemProxy */ = {
			isa = PBXContainerItemProxy;
			containerPortal = B8D29BF117BD24A60084C1E6 /* Project object */;
			proxyType = 1;
			remoteGlobalIDString = B8D29BF817BD24A60084C1E6;
			remoteInfo = BailOut;
		};
/* End PBXContainerItemProxy section */

/* Begin PBXFileReference section */
		B8D29BF917BD24A60084C1E6 /* BailOut.app */ = {isa = PBXFileReference; explicitFileType = wrapper.application; includeInIndex = 0; path = BailOut.app; sourceTree = BUILT_PRODUCTS_DIR; };
		B8D29BFC17BD24A60084C1E6 /* Foundation.framework */ = {isa = PBXFileReference; lastKnownFileType = wrapper.framework; name = Foundation.framework; path = System/Library/Frameworks/Foundation.framework; sourceTree = SDKROOT; };
		B8D29BFE17BD24A60084C1E6 /* CoreGraphics.framework */ = {isa = PBXFileReference; lastKnownFileType = wrapper.framework; name = CoreGraphics.framework; path = System/Library/Frameworks/CoreGraphics.framework; sourceTree = SDKROOT; };
		B8D29C0017BD24A60084C1E6 /* UIKit.framework */ = {isa = PBXFileReference; lastKnownFileType = wrapper.framework; name = UIKit.framework; path = System/Library/Frameworks/UIKit.framework; sourceTree = SDKROOT; };
		B8D29C0417BD24A60084C1E6 /* BailOut-Info.plist */ = {isa = PBXFileReference; lastKnownFileType = text.plist.xml; path = "BailOut-Info.plist"; sourceTree = "<group>"; };
		B8D29C0617BD24A60084C1E6 /* en */ = {isa = PBXFileReference; lastKnownFileType = text.plist.strings; name = en; path = en.lproj/InfoPlist.strings; sourceTree = "<group>"; };
		B8D29C0817BD24A60084C1E6 /* main.m */ = {isa = PBXFileReference; lastKnownFileType = sourcecode.c.objc; path = main.m; sourceTree = "<group>"; };
		B8D29C0A17BD24A60084C1E6 /* BailOut-Prefix.pch */ = {isa = PBXFileReference; lastKnownFileType = sourcecode.c.h; path = "BailOut-Prefix.pch"; sourceTree = "<group>"; };
		B8D29C0B17BD24A60084C1E6 /* BOAppDelegate.h */ = {isa = PBXFileReference; lastKnownFileType = sourcecode.c.h; path = BOAppDelegate.h; sourceTree = "<group>"; };
		B8D29C0C17BD24A70084C1E6 /* BOAppDelegate.m */ = {isa = PBXFileReference; lastKnownFileType = sourcecode.c.objc; path = BOAppDelegate.m; sourceTree = "<group>"; };
		B8D29C0F17BD24A70084C1E6 /* Base */ = {isa = PBXFileReference; lastKnownFileType = file.storyboard; name = Base; path = Base.lproj/Main.storyboard; sourceTree = "<group>"; };
		B8D29C1417BD24A70084C1E6 /* Images.xcassets */ = {isa = PBXFileReference; lastKnownFileType = folder.assetcatalog; path = Images.xcassets; sourceTree = "<group>"; };
		B8D29C1A17BD24A70084C1E6 /* BailOutTests.xctest */ = {isa = PBXFileReference; explicitFileType = wrapper.cfbundle; includeInIndex = 0; path = BailOutTests.xctest; sourceTree = BUILT_PRODUCTS_DIR; };
		B8D29C1B17BD24A70084C1E6 /* XCTest.framework */ = {isa = PBXFileReference; lastKnownFileType = wrapper.framework; name = XCTest.framework; path = Library/Frameworks/XCTest.framework; sourceTree = DEVELOPER_DIR; };
		B8D29C2317BD24A70084C1E6 /* BailOutTests-Info.plist */ = {isa = PBXFileReference; lastKnownFileType = text.plist.xml; path = "BailOutTests-Info.plist"; sourceTree = "<group>"; };
		B8D29C2517BD24A70084C1E6 /* en */ = {isa = PBXFileReference; lastKnownFileType = text.plist.strings; name = en; path = en.lproj/InfoPlist.strings; sourceTree = "<group>"; };
		B8D29C2717BD24A70084C1E6 /* BailOutTests.m */ = {isa = PBXFileReference; lastKnownFileType = sourcecode.c.objc; path = BailOutTests.m; sourceTree = "<group>"; };
		B8D29C3217BD29180084C1E6 /* BOConstants.h */ = {isa = PBXFileReference; lastKnownFileType = sourcecode.c.h; path = BOConstants.h; sourceTree = "<group>"; };
		B8D29C3A17BD2A1B0084C1E6 /* GAI.h */ = {isa = PBXFileReference; fileEncoding = 4; lastKnownFileType = sourcecode.c.h; name = GAI.h; path = GA/GAI.h; sourceTree = "<group>"; };
		B8D29C3B17BD2A1B0084C1E6 /* GAITrackedViewController.h */ = {isa = PBXFileReference; fileEncoding = 4; lastKnownFileType = sourcecode.c.h; name = GAITrackedViewController.h; path = GA/GAITrackedViewController.h; sourceTree = "<group>"; };
		B8D29C3C17BD2A1B0084C1E6 /* GAITracker.h */ = {isa = PBXFileReference; fileEncoding = 4; lastKnownFileType = sourcecode.c.h; name = GAITracker.h; path = GA/GAITracker.h; sourceTree = "<group>"; };
		B8D29C3D17BD2A1B0084C1E6 /* GAITransaction.h */ = {isa = PBXFileReference; fileEncoding = 4; lastKnownFileType = sourcecode.c.h; name = GAITransaction.h; path = GA/GAITransaction.h; sourceTree = "<group>"; };
		B8D29C3E17BD2A1B0084C1E6 /* GAITransactionItem.h */ = {isa = PBXFileReference; fileEncoding = 4; lastKnownFileType = sourcecode.c.h; name = GAITransactionItem.h; path = GA/GAITransactionItem.h; sourceTree = "<group>"; };
		B8D29C3F17BD2A300084C1E6 /* libGoogleAnalytics.a */ = {isa = PBXFileReference; lastKnownFileType = archive.ar; name = libGoogleAnalytics.a; path = BailOut/GA/libGoogleAnalytics.a; sourceTree = "<group>"; };
		B8D29C4317BD2AAB0084C1E6 /* BOTrackingService.h */ = {isa = PBXFileReference; fileEncoding = 4; lastKnownFileType = sourcecode.c.h; path = BOTrackingService.h; sourceTree = "<group>"; };
		B8D29C4417BD2AAB0084C1E6 /* BOTrackingService.m */ = {isa = PBXFileReference; fileEncoding = 4; lastKnownFileType = sourcecode.c.objc; path = BOTrackingService.m; sourceTree = "<group>"; };
		B8D29C4E17BD2D250084C1E6 /* BOViewController.h */ = {isa = PBXFileReference; fileEncoding = 4; lastKnownFileType = sourcecode.c.h; path = BOViewController.h; sourceTree = "<group>"; };
		B8D29C4F17BD2D250084C1E6 /* BOViewController.m */ = {isa = PBXFileReference; fileEncoding = 4; lastKnownFileType = sourcecode.c.objc; path = BOViewController.m; sourceTree = "<group>"; };
		B8D29C5117BD2D690084C1E6 /* BONavigationController.h */ = {isa = PBXFileReference; fileEncoding = 4; lastKnownFileType = sourcecode.c.h; path = BONavigationController.h; sourceTree = "<group>"; };
		B8D29C5217BD2D690084C1E6 /* BONavigationController.m */ = {isa = PBXFileReference; fileEncoding = 4; lastKnownFileType = sourcecode.c.objc; path = BONavigationController.m; sourceTree = "<group>"; };
		B8D29C5517BD2DAE0084C1E6 /* BORootNavigationController.h */ = {isa = PBXFileReference; fileEncoding = 4; lastKnownFileType = sourcecode.c.h; path = BORootNavigationController.h; sourceTree = "<group>"; };
		B8D29C5617BD2DAE0084C1E6 /* BORootNavigationController.m */ = {isa = PBXFileReference; fileEncoding = 4; lastKnownFileType = sourcecode.c.objc; path = BORootNavigationController.m; sourceTree = "<group>"; };
		B8D29C5817BD2FA60084C1E6 /* CoreData.framework */ = {isa = PBXFileReference; lastKnownFileType = wrapper.framework; name = CoreData.framework; path = System/Library/Frameworks/CoreData.framework; sourceTree = SDKROOT; };
		B8D29C5A17BD2FB00084C1E6 /* SystemConfiguration.framework */ = {isa = PBXFileReference; lastKnownFileType = wrapper.framework; name = SystemConfiguration.framework; path = System/Library/Frameworks/SystemConfiguration.framework; sourceTree = SDKROOT; };
		B8D29C5D17BD30D10084C1E6 /* BOKeychainService.h */ = {isa = PBXFileReference; fileEncoding = 4; lastKnownFileType = sourcecode.c.h; path = BOKeychainService.h; sourceTree = "<group>"; };
		B8D29C5E17BD30D10084C1E6 /* BOKeychainService.m */ = {isa = PBXFileReference; fileEncoding = 4; lastKnownFileType = sourcecode.c.objc; path = BOKeychainService.m; sourceTree = "<group>"; };
		B8D29C6017BD34660084C1E6 /* NSKeychainItemWrapper.h */ = {isa = PBXFileReference; fileEncoding = 4; lastKnownFileType = sourcecode.c.h; path = NSKeychainItemWrapper.h; sourceTree = "<group>"; };
		B8D29C6117BD34660084C1E6 /* NSKeychainItemWrapper.m */ = {isa = PBXFileReference; fileEncoding = 4; lastKnownFileType = sourcecode.c.objc; path = NSKeychainItemWrapper.m; sourceTree = "<group>"; };
		B8D29C6317BD34FE0084C1E6 /* Security.framework */ = {isa = PBXFileReference; lastKnownFileType = wrapper.framework; name = Security.framework; path = System/Library/Frameworks/Security.framework; sourceTree = SDKROOT; };
		B8D29C6717BD447F0084C1E6 /* ABHTTPClient.h */ = {isa = PBXFileReference; fileEncoding = 4; lastKnownFileType = sourcecode.c.h; path = ABHTTPClient.h; sourceTree = "<group>"; };
		B8D29C6817BD447F0084C1E6 /* ABHTTPClient.m */ = {isa = PBXFileReference; fileEncoding = 4; lastKnownFileType = sourcecode.c.objc; path = ABHTTPClient.m; sourceTree = "<group>"; };
		B8D29C6B17BD50450084C1E6 /* NSString+BO.h */ = {isa = PBXFileReference; fileEncoding = 4; lastKnownFileType = sourcecode.c.h; path = "NSString+BO.h"; sourceTree = "<group>"; };
		B8D29C6C17BD50450084C1E6 /* NSString+BO.m */ = {isa = PBXFileReference; fileEncoding = 4; lastKnownFileType = sourcecode.c.objc; path = "NSString+BO.m"; sourceTree = "<group>"; };
		B8D29C6F17BD57AB0084C1E6 /* BOAPI.h */ = {isa = PBXFileReference; fileEncoding = 4; lastKnownFileType = sourcecode.c.h; path = BOAPI.h; sourceTree = "<group>"; };
		B8D29C7017BD57AB0084C1E6 /* BOAPI.m */ = {isa = PBXFileReference; fileEncoding = 4; lastKnownFileType = sourcecode.c.objc; path = BOAPI.m; sourceTree = "<group>"; };
		B8D29C7517BD5C470084C1E6 /* BOAPIRootService.h */ = {isa = PBXFileReference; fileEncoding = 4; lastKnownFileType = sourcecode.c.h; path = BOAPIRootService.h; sourceTree = "<group>"; };
		B8D29C7617BD5C470084C1E6 /* BOAPIRootService.m */ = {isa = PBXFileReference; fileEncoding = 4; lastKnownFileType = sourcecode.c.objc; path = BOAPIRootService.m; sourceTree = "<group>"; };
/* End PBXFileReference section */

/* Begin PBXFrameworksBuildPhase section */
		B8D29BF617BD24A60084C1E6 /* Frameworks */ = {
			isa = PBXFrameworksBuildPhase;
			buildActionMask = 2147483647;
			files = (
				B8D29C6417BD34FE0084C1E6 /* Security.framework in Frameworks */,
				B8D29C5B17BD2FB00084C1E6 /* SystemConfiguration.framework in Frameworks */,
				B8D29C5917BD2FA60084C1E6 /* CoreData.framework in Frameworks */,
				B8D29C4017BD2A300084C1E6 /* libGoogleAnalytics.a in Frameworks */,
				B8D29BFF17BD24A60084C1E6 /* CoreGraphics.framework in Frameworks */,
				B8D29C0117BD24A60084C1E6 /* UIKit.framework in Frameworks */,
				B8D29BFD17BD24A60084C1E6 /* Foundation.framework in Frameworks */,
			);
			runOnlyForDeploymentPostprocessing = 0;
		};
		B8D29C1717BD24A70084C1E6 /* Frameworks */ = {
			isa = PBXFrameworksBuildPhase;
			buildActionMask = 2147483647;
			files = (
				B8D29C1C17BD24A70084C1E6 /* XCTest.framework in Frameworks */,
				B8D29C1E17BD24A70084C1E6 /* UIKit.framework in Frameworks */,
				B8D29C1D17BD24A70084C1E6 /* Foundation.framework in Frameworks */,
			);
			runOnlyForDeploymentPostprocessing = 0;
		};
/* End PBXFrameworksBuildPhase section */

/* Begin PBXGroup section */
		B8D29BF017BD24A60084C1E6 = {
			isa = PBXGroup;
			children = (
				B8D29C0217BD24A60084C1E6 /* BailOut */,
				B8D29C2117BD24A70084C1E6 /* BailOutTests */,
				B8D29BFB17BD24A60084C1E6 /* Frameworks */,
				B8D29BFA17BD24A60084C1E6 /* Products */,
			);
			sourceTree = "<group>";
		};
		B8D29BFA17BD24A60084C1E6 /* Products */ = {
			isa = PBXGroup;
			children = (
				B8D29BF917BD24A60084C1E6 /* BailOut.app */,
				B8D29C1A17BD24A70084C1E6 /* BailOutTests.xctest */,
			);
			name = Products;
			sourceTree = "<group>";
		};
		B8D29BFB17BD24A60084C1E6 /* Frameworks */ = {
			isa = PBXGroup;
			children = (
				B8D29C6317BD34FE0084C1E6 /* Security.framework */,
				B8D29C5A17BD2FB00084C1E6 /* SystemConfiguration.framework */,
				B8D29C5817BD2FA60084C1E6 /* CoreData.framework */,
				B8D29C3F17BD2A300084C1E6 /* libGoogleAnalytics.a */,
				B8D29BFC17BD24A60084C1E6 /* Foundation.framework */,
				B8D29BFE17BD24A60084C1E6 /* CoreGraphics.framework */,
				B8D29C0017BD24A60084C1E6 /* UIKit.framework */,
				B8D29C1B17BD24A70084C1E6 /* XCTest.framework */,
			);
			name = Frameworks;
			sourceTree = "<group>";
		};
		B8D29C0217BD24A60084C1E6 /* BailOut */ = {
			isa = PBXGroup;
			children = (
				B8D29C3117BD28E70084C1E6 /* source */,
				B8D29C0317BD24A60084C1E6 /* Supporting Files */,
			);
			path = BailOut;
			sourceTree = "<group>";
		};
		B8D29C0317BD24A60084C1E6 /* Supporting Files */ = {
			isa = PBXGroup;
			children = (
				B8D29C0417BD24A60084C1E6 /* BailOut-Info.plist */,
				B8D29C0517BD24A60084C1E6 /* InfoPlist.strings */,
				B8D29C0817BD24A60084C1E6 /* main.m */,
				B8D29C0A17BD24A60084C1E6 /* BailOut-Prefix.pch */,
			);
			name = "Supporting Files";
			sourceTree = "<group>";
		};
		B8D29C2117BD24A70084C1E6 /* BailOutTests */ = {
			isa = PBXGroup;
			children = (
				B8D29C2717BD24A70084C1E6 /* BailOutTests.m */,
				B8D29C2217BD24A70084C1E6 /* Supporting Files */,
			);
			path = BailOutTests;
			sourceTree = "<group>";
		};
		B8D29C2217BD24A70084C1E6 /* Supporting Files */ = {
			isa = PBXGroup;
			children = (
				B8D29C2317BD24A70084C1E6 /* BailOutTests-Info.plist */,
				B8D29C2417BD24A70084C1E6 /* InfoPlist.strings */,
			);
			name = "Supporting Files";
			sourceTree = "<group>";
		};
		B8D29C3117BD28E70084C1E6 /* source */ = {
			isa = PBXGroup;
			children = (
				B8D29C3217BD29180084C1E6 /* BOConstants.h */,
				B8D29C3317BD293C0084C1E6 /* Delegate */,
				B8D29C4117BD2A760084C1E6 /* Services */,
				B8D29C3417BD29520084C1E6 /* UI */,
				B8D29C6A17BD502D0084C1E6 /* Categories */,
				B8D29C3817BD29A50084C1E6 /* ThirdParty */,
			);
			name = source;
			sourceTree = "<group>";
		};
		B8D29C3317BD293C0084C1E6 /* Delegate */ = {
			isa = PBXGroup;
			children = (
				B8D29C0B17BD24A60084C1E6 /* BOAppDelegate.h */,
				B8D29C0C17BD24A70084C1E6 /* BOAppDelegate.m */,
			);
			name = Delegate;
			sourceTree = "<group>";
		};
		B8D29C3417BD29520084C1E6 /* UI */ = {
			isa = PBXGroup;
			children = (
				B8D29C4D17BD2D150084C1E6 /* Base Controllers */,
				B8D29C3617BD29700084C1E6 /* Controllers */,
				B8D29C3517BD29610084C1E6 /* Storyboards */,
				B8D29C3717BD29810084C1E6 /* Images */,
			);
			name = UI;
			sourceTree = "<group>";
		};
		B8D29C3517BD29610084C1E6 /* Storyboards */ = {
			isa = PBXGroup;
			children = (
				B8D29C0E17BD24A70084C1E6 /* Main.storyboard */,
			);
			name = Storyboards;
			sourceTree = "<group>";
		};
		B8D29C3617BD29700084C1E6 /* Controllers */ = {
			isa = PBXGroup;
			children = (
				B8D29C5417BD2D940084C1E6 /* Root */,
			);
			name = Controllers;
			sourceTree = "<group>";
		};
		B8D29C3717BD29810084C1E6 /* Images */ = {
			isa = PBXGroup;
			children = (
				B8D29C1417BD24A70084C1E6 /* Images.xcassets */,
			);
			name = Images;
			sourceTree = "<group>";
		};
		B8D29C3817BD29A50084C1E6 /* ThirdParty */ = {
			isa = PBXGroup;
			children = (
				B8D29C3917BD2A040084C1E6 /* GA */,
			);
			name = ThirdParty;
			sourceTree = "<group>";
		};
		B8D29C3917BD2A040084C1E6 /* GA */ = {
			isa = PBXGroup;
			children = (
				B8D29C3A17BD2A1B0084C1E6 /* GAI.h */,
				B8D29C3B17BD2A1B0084C1E6 /* GAITrackedViewController.h */,
				B8D29C3C17BD2A1B0084C1E6 /* GAITracker.h */,
				B8D29C3D17BD2A1B0084C1E6 /* GAITransaction.h */,
				B8D29C3E17BD2A1B0084C1E6 /* GAITransactionItem.h */,
			);
			name = GA;
			sourceTree = "<group>";
		};
		B8D29C4117BD2A760084C1E6 /* Services */ = {
			isa = PBXGroup;
			children = (
				B8D29C6517BD44620084C1E6 /* API */,
				B8D29C5C17BD30A60084C1E6 /* Keychain */,
				B8D29C4217BD2A840084C1E6 /* Tracking */,
			);
			name = Services;
			sourceTree = "<group>";
		};
		B8D29C4217BD2A840084C1E6 /* Tracking */ = {
			isa = PBXGroup;
			children = (
				B8D29C4317BD2AAB0084C1E6 /* BOTrackingService.h */,
				B8D29C4417BD2AAB0084C1E6 /* BOTrackingService.m */,
			);
			name = Tracking;
			sourceTree = "<group>";
		};
		B8D29C4D17BD2D150084C1E6 /* Base Controllers */ = {
			isa = PBXGroup;
			children = (
				B8D29C4E17BD2D250084C1E6 /* BOViewController.h */,
				B8D29C4F17BD2D250084C1E6 /* BOViewController.m */,
				B8D29C5117BD2D690084C1E6 /* BONavigationController.h */,
				B8D29C5217BD2D690084C1E6 /* BONavigationController.m */,
			);
			name = "Base Controllers";
			sourceTree = "<group>";
		};
		B8D29C5417BD2D940084C1E6 /* Root */ = {
			isa = PBXGroup;
			children = (
				B8D29C5517BD2DAE0084C1E6 /* BORootNavigationController.h */,
				B8D29C5617BD2DAE0084C1E6 /* BORootNavigationController.m */,
			);
			name = Root;
			sourceTree = "<group>";
		};
		B8D29C5C17BD30A60084C1E6 /* Keychain */ = {
			isa = PBXGroup;
			children = (
				B8D29C5D17BD30D10084C1E6 /* BOKeychainService.h */,
				B8D29C5E17BD30D10084C1E6 /* BOKeychainService.m */,
				B8D29C6017BD34660084C1E6 /* NSKeychainItemWrapper.h */,
				B8D29C6117BD34660084C1E6 /* NSKeychainItemWrapper.m */,
			);
			name = Keychain;
			sourceTree = "<group>";
		};
		B8D29C6517BD44620084C1E6 /* API */ = {
			isa = PBXGroup;
			children = (
				B8D29C7417BD5C1E0084C1E6 /* Root Service */,
				B8D29C7317BD5C100084C1E6 /* Clients */,
			);
			name = API;
			sourceTree = "<group>";
		};
		B8D29C6617BD446A0084C1E6 /* HTTP Client */ = {
			isa = PBXGroup;
			children = (
				B8D29C6717BD447F0084C1E6 /* ABHTTPClient.h */,
				B8D29C6817BD447F0084C1E6 /* ABHTTPClient.m */,
			);
			name = "HTTP Client";
			sourceTree = "<group>";
		};
		B8D29C6A17BD502D0084C1E6 /* Categories */ = {
			isa = PBXGroup;
			children = (
				B8D29C6B17BD50450084C1E6 /* NSString+BO.h */,
				B8D29C6C17BD50450084C1E6 /* NSString+BO.m */,
			);
			name = Categories;
			sourceTree = "<group>";
		};
		B8D29C7217BD5BFC0084C1E6 /* BOAPI Client */ = {
			isa = PBXGroup;
			children = (
				B8D29C6F17BD57AB0084C1E6 /* BOAPI.h */,
				B8D29C7017BD57AB0084C1E6 /* BOAPI.m */,
			);
			name = "BOAPI Client";
			sourceTree = "<group>";
		};
		B8D29C7317BD5C100084C1E6 /* Clients */ = {
			isa = PBXGroup;
			children = (
				B8D29C7217BD5BFC0084C1E6 /* BOAPI Client */,
				B8D29C6617BD446A0084C1E6 /* HTTP Client */,
			);
			name = Clients;
			sourceTree = "<group>";
		};
		B8D29C7417BD5C1E0084C1E6 /* Root Service */ = {
			isa = PBXGroup;
			children = (
				B8D29C7517BD5C470084C1E6 /* BOAPIRootService.h */,
				B8D29C7617BD5C470084C1E6 /* BOAPIRootService.m */,
			);
			name = "Root Service";
			sourceTree = "<group>";
		};
/* End PBXGroup section */

/* Begin PBXNativeTarget section */
		B8D29BF817BD24A60084C1E6 /* BailOut */ = {
			isa = PBXNativeTarget;
			buildConfigurationList = B8D29C2B17BD24A70084C1E6 /* Build configuration list for PBXNativeTarget "BailOut" */;
			buildPhases = (
				B8D29BF517BD24A60084C1E6 /* Sources */,
				B8D29BF617BD24A60084C1E6 /* Frameworks */,
				B8D29BF717BD24A60084C1E6 /* Resources */,
			);
			buildRules = (
			);
			dependencies = (
			);
			name = BailOut;
			productName = BailOut;
			productReference = B8D29BF917BD24A60084C1E6 /* BailOut.app */;
			productType = "com.apple.product-type.application";
		};
		B8D29C1917BD24A70084C1E6 /* BailOutTests */ = {
			isa = PBXNativeTarget;
			buildConfigurationList = B8D29C2E17BD24A70084C1E6 /* Build configuration list for PBXNativeTarget "BailOutTests" */;
			buildPhases = (
				B8D29C1617BD24A70084C1E6 /* Sources */,
				B8D29C1717BD24A70084C1E6 /* Frameworks */,
				B8D29C1817BD24A70084C1E6 /* Resources */,
			);
			buildRules = (
			);
			dependencies = (
				B8D29C2017BD24A70084C1E6 /* PBXTargetDependency */,
			);
			name = BailOutTests;
			productName = BailOutTests;
			productReference = B8D29C1A17BD24A70084C1E6 /* BailOutTests.xctest */;
			productType = "com.apple.product-type.bundle.unit-test";
		};
/* End PBXNativeTarget section */

/* Begin PBXProject section */
		B8D29BF117BD24A60084C1E6 /* Project object */ = {
			isa = PBXProject;
			attributes = {
				CLASSPREFIX = BO;
				LastUpgradeCheck = 0500;
				ORGANIZATIONNAME = "Andrew Barba";
				TargetAttributes = {
					B8D29BF817BD24A60084C1E6 = {
						DevelopmentTeam = EVJS956X67;
						SystemCapabilities = {
							com.apple.BackgroundModes = {
								enabled = 1;
							};
						};
					};
					B8D29C1917BD24A70084C1E6 = {
						TestTargetID = B8D29BF817BD24A60084C1E6;
					};
				};
			};
			buildConfigurationList = B8D29BF417BD24A60084C1E6 /* Build configuration list for PBXProject "BailOut" */;
			compatibilityVersion = "Xcode 3.2";
			developmentRegion = English;
			hasScannedForEncodings = 0;
			knownRegions = (
				en,
				Base,
			);
			mainGroup = B8D29BF017BD24A60084C1E6;
			productRefGroup = B8D29BFA17BD24A60084C1E6 /* Products */;
			projectDirPath = "";
			projectRoot = "";
			targets = (
				B8D29BF817BD24A60084C1E6 /* BailOut */,
				B8D29C1917BD24A70084C1E6 /* BailOutTests */,
			);
		};
/* End PBXProject section */

/* Begin PBXResourcesBuildPhase section */
		B8D29BF717BD24A60084C1E6 /* Resources */ = {
			isa = PBXResourcesBuildPhase;
			buildActionMask = 2147483647;
			files = (
				B8D29C1517BD24A70084C1E6 /* Images.xcassets in Resources */,
				B8D29C0717BD24A60084C1E6 /* InfoPlist.strings in Resources */,
				B8D29C1017BD24A70084C1E6 /* Main.storyboard in Resources */,
			);
			runOnlyForDeploymentPostprocessing = 0;
		};
		B8D29C1817BD24A70084C1E6 /* Resources */ = {
			isa = PBXResourcesBuildPhase;
			buildActionMask = 2147483647;
			files = (
				B8D29C2617BD24A70084C1E6 /* InfoPlist.strings in Resources */,
			);
			runOnlyForDeploymentPostprocessing = 0;
		};
/* End PBXResourcesBuildPhase section */

/* Begin PBXSourcesBuildPhase section */
		B8D29BF517BD24A60084C1E6 /* Sources */ = {
			isa = PBXSourcesBuildPhase;
			buildActionMask = 2147483647;
			files = (
				B8D29C0917BD24A60084C1E6 /* main.m in Sources */,
				B8D29C5017BD2D250084C1E6 /* BOViewController.m in Sources */,
				B8D29C6D17BD50450084C1E6 /* NSString+BO.m in Sources */,
				B8D29C0D17BD24A70084C1E6 /* BOAppDelegate.m in Sources */,
				B8D29C5F17BD30D10084C1E6 /* BOKeychainService.m in Sources */,
				B8D29C5317BD2D690084C1E6 /* BONavigationController.m in Sources */,
				B8D29C5717BD2DAE0084C1E6 /* BORootNavigationController.m in Sources */,
				B8D29C7117BD57AB0084C1E6 /* BOAPI.m in Sources */,
				B8D29C6917BD447F0084C1E6 /* ABHTTPClient.m in Sources */,
				B8D29C7717BD5C470084C1E6 /* BOAPIRootService.m in Sources */,
				B8D29C4517BD2AAB0084C1E6 /* BOTrackingService.m in Sources */,
				B8D29C6217BD34660084C1E6 /* NSKeychainItemWrapper.m in Sources */,
			);
			runOnlyForDeploymentPostprocessing = 0;
		};
		B8D29C1617BD24A70084C1E6 /* Sources */ = {
			isa = PBXSourcesBuildPhase;
			buildActionMask = 2147483647;
			files = (
				B8D29C2817BD24A70084C1E6 /* BailOutTests.m in Sources */,
			);
			runOnlyForDeploymentPostprocessing = 0;
		};
/* End PBXSourcesBuildPhase section */

/* Begin PBXTargetDependency section */
		B8D29C2017BD24A70084C1E6 /* PBXTargetDependency */ = {
			isa = PBXTargetDependency;
			target = B8D29BF817BD24A60084C1E6 /* BailOut */;
			targetProxy = B8D29C1F17BD24A70084C1E6 /* PBXContainerItemProxy */;
		};
/* End PBXTargetDependency section */

/* Begin PBXVariantGroup section */
		B8D29C0517BD24A60084C1E6 /* InfoPlist.strings */ = {
			isa = PBXVariantGroup;
			children = (
				B8D29C0617BD24A60084C1E6 /* en */,
			);
			name = InfoPlist.strings;
			sourceTree = "<group>";
		};
		B8D29C0E17BD24A70084C1E6 /* Main.storyboard */ = {
			isa = PBXVariantGroup;
			children = (
				B8D29C0F17BD24A70084C1E6 /* Base */,
			);
			name = Main.storyboard;
			sourceTree = "<group>";
		};
		B8D29C2417BD24A70084C1E6 /* InfoPlist.strings */ = {
			isa = PBXVariantGroup;
			children = (
				B8D29C2517BD24A70084C1E6 /* en */,
			);
			name = InfoPlist.strings;
			sourceTree = "<group>";
		};
/* End PBXVariantGroup section */

/* Begin XCBuildConfiguration section */
		B8D29C2917BD24A70084C1E6 /* Debug */ = {
			isa = XCBuildConfiguration;
			buildSettings = {
				ALWAYS_SEARCH_USER_PATHS = NO;
				CLANG_CXX_LANGUAGE_STANDARD = "gnu++0x";
				CLANG_CXX_LIBRARY = "libc++";
				CLANG_ENABLE_MODULES = YES;
				CLANG_ENABLE_OBJC_ARC = YES;
				CLANG_WARN_BOOL_CONVERSION = YES;
				CLANG_WARN_CONSTANT_CONVERSION = YES;
				CLANG_WARN_DIRECT_OBJC_ISA_USAGE = YES_ERROR;
				CLANG_WARN_EMPTY_BODY = YES;
				CLANG_WARN_ENUM_CONVERSION = YES;
				CLANG_WARN_INT_CONVERSION = YES;
				CLANG_WARN_OBJC_ROOT_CLASS = YES_ERROR;
				CLANG_WARN__DUPLICATE_METHOD_MATCH = YES;
				"CODE_SIGN_IDENTITY[sdk=iphoneos*]" = "iPhone Developer";
				COPY_PHASE_STRIP = NO;
				GCC_C_LANGUAGE_STANDARD = gnu99;
				GCC_DYNAMIC_NO_PIC = NO;
				GCC_OPTIMIZATION_LEVEL = 0;
				GCC_PREPROCESSOR_DEFINITIONS = (
					"DEBUG=1",
					"$(inherited)",
				);
				GCC_SYMBOLS_PRIVATE_EXTERN = NO;
				GCC_WARN_ABOUT_RETURN_TYPE = YES_ERROR;
				GCC_WARN_UNDECLARED_SELECTOR = YES;
				GCC_WARN_UNINITIALIZED_AUTOS = YES;
				GCC_WARN_UNUSED_FUNCTION = YES;
				GCC_WARN_UNUSED_VARIABLE = YES;
				IPHONEOS_DEPLOYMENT_TARGET = 7.0;
				ONLY_ACTIVE_ARCH = YES;
				SDKROOT = iphoneos;
			};
			name = Debug;
		};
		B8D29C2A17BD24A70084C1E6 /* Release */ = {
			isa = XCBuildConfiguration;
			buildSettings = {
				ALWAYS_SEARCH_USER_PATHS = NO;
				CLANG_CXX_LANGUAGE_STANDARD = "gnu++0x";
				CLANG_CXX_LIBRARY = "libc++";
				CLANG_ENABLE_MODULES = YES;
				CLANG_ENABLE_OBJC_ARC = YES;
				CLANG_WARN_BOOL_CONVERSION = YES;
				CLANG_WARN_CONSTANT_CONVERSION = YES;
				CLANG_WARN_DIRECT_OBJC_ISA_USAGE = YES_ERROR;
				CLANG_WARN_EMPTY_BODY = YES;
				CLANG_WARN_ENUM_CONVERSION = YES;
				CLANG_WARN_INT_CONVERSION = YES;
				CLANG_WARN_OBJC_ROOT_CLASS = YES_ERROR;
				CLANG_WARN__DUPLICATE_METHOD_MATCH = YES;
				"CODE_SIGN_IDENTITY[sdk=iphoneos*]" = "iPhone Developer";
				COPY_PHASE_STRIP = YES;
				ENABLE_NS_ASSERTIONS = NO;
				GCC_C_LANGUAGE_STANDARD = gnu99;
				GCC_WARN_ABOUT_RETURN_TYPE = YES_ERROR;
				GCC_WARN_UNDECLARED_SELECTOR = YES;
				GCC_WARN_UNINITIALIZED_AUTOS = YES;
				GCC_WARN_UNUSED_FUNCTION = YES;
				GCC_WARN_UNUSED_VARIABLE = YES;
				IPHONEOS_DEPLOYMENT_TARGET = 7.0;
				SDKROOT = iphoneos;
				VALIDATE_PRODUCT = YES;
			};
			name = Release;
		};
		B8D29C2C17BD24A70084C1E6 /* Debug */ = {
			isa = XCBuildConfiguration;
			buildSettings = {
				ASSETCATALOG_COMPILER_APPICON_NAME = AppIcon;
				ASSETCATALOG_COMPILER_LAUNCHIMAGE_NAME = LaunchImage;
				CODE_SIGN_IDENTITY = "iPhone Developer";
				GCC_PRECOMPILE_PREFIX_HEADER = YES;
				GCC_PREFIX_HEADER = "BailOut/BailOut-Prefix.pch";
				INFOPLIST_FILE = "BailOut/BailOut-Info.plist";
				IPHONEOS_DEPLOYMENT_TARGET = 6.0;
				LIBRARY_SEARCH_PATHS = (
					"$(inherited)",
					"$(USER_APPS_DIR)/BailOut/bail-ios/BailOut/GA",
				);
				PRODUCT_NAME = "$(TARGET_NAME)";
				TARGETED_DEVICE_FAMILY = 1;
				WRAPPER_EXTENSION = app;
			};
			name = Debug;
		};
		B8D29C2D17BD24A70084C1E6 /* Release */ = {
			isa = XCBuildConfiguration;
			buildSettings = {
				ASSETCATALOG_COMPILER_APPICON_NAME = AppIcon;
				ASSETCATALOG_COMPILER_LAUNCHIMAGE_NAME = LaunchImage;
				CODE_SIGN_IDENTITY = "iPhone Developer";
				GCC_PRECOMPILE_PREFIX_HEADER = YES;
				GCC_PREFIX_HEADER = "BailOut/BailOut-Prefix.pch";
				INFOPLIST_FILE = "BailOut/BailOut-Info.plist";
				IPHONEOS_DEPLOYMENT_TARGET = 6.0;
				LIBRARY_SEARCH_PATHS = (
					"$(inherited)",
					"$(USER_APPS_DIR)/BailOut/bail-ios/BailOut/GA",
				);
				PRODUCT_NAME = "$(TARGET_NAME)";
				TARGETED_DEVICE_FAMILY = 1;
				WRAPPER_EXTENSION = app;
			};
			name = Release;
		};
		B8D29C2F17BD24A70084C1E6 /* Debug */ = {
			isa = XCBuildConfiguration;
			buildSettings = {
				BUNDLE_LOADER = "$(BUILT_PRODUCTS_DIR)/BailOut.app/BailOut";
				FRAMEWORK_SEARCH_PATHS = (
					"$(SDKROOT)/Developer/Library/Frameworks",
					"$(inherited)",
					"$(DEVELOPER_FRAMEWORKS_DIR)",
				);
				GCC_PRECOMPILE_PREFIX_HEADER = YES;
				GCC_PREFIX_HEADER = "BailOut/BailOut-Prefix.pch";
				GCC_PREPROCESSOR_DEFINITIONS = (
					"DEBUG=1",
					"$(inherited)",
				);
				INFOPLIST_FILE = "BailOutTests/BailOutTests-Info.plist";
				PRODUCT_NAME = "$(TARGET_NAME)";
				TEST_HOST = "$(BUNDLE_LOADER)";
				WRAPPER_EXTENSION = xctest;
			};
			name = Debug;
		};
		B8D29C3017BD24A70084C1E6 /* Release */ = {
			isa = XCBuildConfiguration;
			buildSettings = {
				BUNDLE_LOADER = "$(BUILT_PRODUCTS_DIR)/BailOut.app/BailOut";
				FRAMEWORK_SEARCH_PATHS = (
					"$(SDKROOT)/Developer/Library/Frameworks",
					"$(inherited)",
					"$(DEVELOPER_FRAMEWORKS_DIR)",
				);
				GCC_PRECOMPILE_PREFIX_HEADER = YES;
				GCC_PREFIX_HEADER = "BailOut/BailOut-Prefix.pch";
				INFOPLIST_FILE = "BailOutTests/BailOutTests-Info.plist";
				PRODUCT_NAME = "$(TARGET_NAME)";
				TEST_HOST = "$(BUNDLE_LOADER)";
				WRAPPER_EXTENSION = xctest;
			};
			name = Release;
		};
/* End XCBuildConfiguration section */

/* Begin XCConfigurationList section */
		B8D29BF417BD24A60084C1E6 /* Build configuration list for PBXProject "BailOut" */ = {
			isa = XCConfigurationList;
			buildConfigurations = (
				B8D29C2917BD24A70084C1E6 /* Debug */,
				B8D29C2A17BD24A70084C1E6 /* Release */,
			);
			defaultConfigurationIsVisible = 0;
			defaultConfigurationName = Release;
		};
		B8D29C2B17BD24A70084C1E6 /* Build configuration list for PBXNativeTarget "BailOut" */ = {
			isa = XCConfigurationList;
			buildConfigurations = (
				B8D29C2C17BD24A70084C1E6 /* Debug */,
				B8D29C2D17BD24A70084C1E6 /* Release */,
			);
			defaultConfigurationIsVisible = 0;
			defaultConfigurationName = Release;
		};
		B8D29C2E17BD24A70084C1E6 /* Build configuration list for PBXNativeTarget "BailOutTests" */ = {
			isa = XCConfigurationList;
			buildConfigurations = (
				B8D29C2F17BD24A70084C1E6 /* Debug */,
				B8D29C3017BD24A70084C1E6 /* Release */,
			);
			defaultConfigurationIsVisible = 0;
			defaultConfigurationName = Release;
		};
/* End XCConfigurationList section */
	};
	rootObject = B8D29BF117BD24A60084C1E6 /* Project object */;
}
